
Microsoft Visual Studio Solution File, Format Version 11.00
# Visual Studio 2010
Project("{8BC9CEB8-8B4A-11D0-8D11-00A0C91BC942}") = "GWEN DLL", "GWEN DLL.vcxproj", "{3294B593-6109-8148-B0E9-4BEA22CAB322}"
EndProject
Project("{8BC9CEB8-8B4A-11D0-8D11-00A0C91BC942}") = "GWEN Static", "GWEN Static.vcxproj", "{9366E427-7541-7944-BBB6-79438A17FA62}"
EndProject
Project("{8BC9CEB8-8B4A-11D0-8D11-00A0C91BC942}") = "UnitTest", "UnitTest.vcxproj", "{49ED7724-972E-C44B-9FD2-C256F17CFADE}"
EndProject
Project("{8BC9CEB8-8B4A-11D0-8D11-00A0C91BC942}") = "Renderer-OpenGL", "Renderer-OpenGL.vcxproj", "{A7310A88-6839-414C-8F5B-B89D6B07CFEC}"
EndProject
Project("{8BC9CEB8-8B4A-11D0-8D11-00A0C91BC942}") = "Renderer-OpenGL_DebugFont", "Renderer-OpenGL_DebugFont.vcxproj", "{30EDDFEF-5DF3-C14F-9E38-2CFB448808F8}"
EndProject
Project("{8BC9CEB8-8B4A-11D0-8D11-00A0C91BC942}") = "Renderer-SFML", "Renderer-SFML.vcxproj", "{A292FE06-0A8B-D645-8340-F327C2A58DF5}"
EndProject
Project("{8BC9CEB8-8B4A-11D0-8D11-00A0C91BC942}") = "Renderer-Allegro", "Renderer-Allegro.vcxproj", "{DD770C3E-FB37-0349-A8BC-8EAB65FCDC6A}"
EndProject
Project("{8BC9CEB8-8B4A-11D0-8D11-00A0C91BC942}") = "Renderer-DirectX9", "Renderer-DirectX9.vcxproj", "{C2F2861C-44E2-6A4E-8F4E-567977F9A577}"
EndProject
Project("{8BC9CEB8-8B4A-11D0-8D11-00A0C91BC942}") = "Renderer-GDI", "Renderer-GDI.vcxproj", "{DC622B83-6B57-4447-A49A-E2129AAE03AE}"
EndProject
Project("{8BC9CEB8-8B4A-11D0-8D11-00A0C91BC942}") = "Sample-SFML", "Sample-SFML.vcxproj", "{EE49EEFC-F1E4-0C44-A393-EACD157B8ED1}"
	ProjectSection(ProjectDependencies) = postProject
		{A292FE06-0A8B-D645-8340-F327C2A58DF5} = {A292FE06-0A8B-D645-8340-F327C2A58DF5}
		{9366E427-7541-7944-BBB6-79438A17FA62} = {9366E427-7541-7944-BBB6-79438A17FA62}
		{49ED7724-972E-C44B-9FD2-C256F17CFADE} = {49ED7724-972E-C44B-9FD2-C256F17CFADE}
	EndProjectSection
EndProject
Project("{8BC9CEB8-8B4A-11D0-8D11-00A0C91BC942}") = "Sample-Allegro", "Sample-Allegro.vcxproj", "{CDDE6B54-EEA3-F840-8BBA-A71180DB4DB0}"
	ProjectSection(ProjectDependencies) = postProject
		{DD770C3E-FB37-0349-A8BC-8EAB65FCDC6A} = {DD770C3E-FB37-0349-A8BC-8EAB65FCDC6A}
		{9366E427-7541-7944-BBB6-79438A17FA62} = {9366E427-7541-7944-BBB6-79438A17FA62}
		{49ED7724-972E-C44B-9FD2-C256F17CFADE} = {49ED7724-972E-C44B-9FD2-C256F17CFADE}
	EndProjectSection
EndProject
Project("{8BC9CEB8-8B4A-11D0-8D11-00A0C91BC942}") = "Sample-DirectX9", "Sample-DirectX9.vcxproj", "{CA11DBD9-8853-1449-94E4-10E9A920F0E5}"
	ProjectSection(ProjectDependencies) = postProject
		{C2F2861C-44E2-6A4E-8F4E-567977F9A577} = {C2F2861C-44E2-6A4E-8F4E-567977F9A577}
		{9366E427-7541-7944-BBB6-79438A17FA62} = {9366E427-7541-7944-BBB6-79438A17FA62}
		{49ED7724-972E-C44B-9FD2-C256F17CFADE} = {49ED7724-972E-C44B-9FD2-C256F17CFADE}
	EndProjectSection
EndProject
Project("{8BC9CEB8-8B4A-11D0-8D11-00A0C91BC942}") = "Sample-WindowsGDI", "Sample-WindowsGDI.vcxproj", "{67AA365F-8078-AA40-82F3-86AE6F849D15}"
	ProjectSection(ProjectDependencies) = postProject
		{DC622B83-6B57-4447-A49A-E2129AAE03AE} = {DC622B83-6B57-4447-A49A-E2129AAE03AE}
		{9366E427-7541-7944-BBB6-79438A17FA62} = {9366E427-7541-7944-BBB6-79438A17FA62}
		{49ED7724-972E-C44B-9FD2-C256F17CFADE} = {49ED7724-972E-C44B-9FD2-C256F17CFADE}
	EndProjectSection
EndProject
Project("{8BC9CEB8-8B4A-11D0-8D11-00A0C91BC942}") = "Sample-OpenGL", "Sample-OpenGL.vcxproj", "{0F33B089-D7E4-6949-AFBE-F0D1BC902B13}"
	ProjectSection(ProjectDependencies) = postProject
		{A7310A88-6839-414C-8F5B-B89D6B07CFEC} = {A7310A88-6839-414C-8F5B-B89D6B07CFEC}
		{9366E427-7541-7944-BBB6-79438A17FA62} = {9366E427-7541-7944-BBB6-79438A17FA62}
		{49ED7724-972E-C44B-9FD2-C256F17CFADE} = {49ED7724-972E-C44B-9FD2-C256F17CFADE}
	EndProjectSection
EndProject
Project("{8BC9CEB8-8B4A-11D0-8D11-00A0C91BC942}") = "Sample-OpenGL_DebugFont", "Sample-OpenGL_DebugFont.vcxproj", "{E5725C35-5F1A-AC47-9D38-FCE89A7981FB}"
	ProjectSection(ProjectDependencies) = postProject
		{30EDDFEF-5DF3-C14F-9E38-2CFB448808F8} = {30EDDFEF-5DF3-C14F-9E38-2CFB448808F8}
		{9366E427-7541-7944-BBB6-79438A17FA62} = {9366E427-7541-7944-BBB6-79438A17FA62}
		{49ED7724-972E-C44B-9FD2-C256F17CFADE} = {49ED7724-972E-C44B-9FD2-C256F17CFADE}
	EndProjectSection
EndProject
Global
	GlobalSection(SolutionConfigurationPlatforms) = preSolution
		Release|Win32 = Release|Win32
		Debug|Win32 = Debug|Win32
	EndGlobalSection
	GlobalSection(ProjectConfigurationPlatforms) = postSolution
		{3294B593-6109-8148-B0E9-4BEA22CAB322}.Release|Win32.ActiveCfg = Release|Win32
		{3294B593-6109-8148-B0E9-4BEA22CAB322}.Release|Win32.Build.0 = Release|Win32
		{3294B593-6109-8148-B0E9-4BEA22CAB322}.Debug|Win32.ActiveCfg = Debug|Win32
		{3294B593-6109-8148-B0E9-4BEA22CAB322}.Debug|Win32.Build.0 = Debug|Win32
		{9366E427-7541-7944-BBB6-79438A17FA62}.Release|Win32.ActiveCfg = Release|Win32
		{9366E427-7541-7944-BBB6-79438A17FA62}.Release|Win32.Build.0 = Release|Win32
		{9366E427-7541-7944-BBB6-79438A17FA62}.Debug|Win32.ActiveCfg = Debug|Win32
		{9366E427-7541-7944-BBB6-79438A17FA62}.Debug|Win32.Build.0 = Debug|Win32
		{49ED7724-972E-C44B-9FD2-C256F17CFADE}.Release|Win32.ActiveCfg = Release|Win32
		{49ED7724-972E-C44B-9FD2-C256F17CFADE}.Release|Win32.Build.0 = Release|Win32
		{49ED7724-972E-C44B-9FD2-C256F17CFADE}.Debug|Win32.ActiveCfg = Debug|Win32
		{49ED7724-972E-C44B-9FD2-C256F17CFADE}.Debug|Win32.Build.0 = Debug|Win32
		{A7310A88-6839-414C-8F5B-B89D6B07CFEC}.Release|Win32.ActiveCfg = Release|Win32
		{A7310A88-6839-414C-8F5B-B89D6B07CFEC}.Release|Win32.Build.0 = Release|Win32
		{A7310A88-6839-414C-8F5B-B89D6B07CFEC}.Debug|Win32.ActiveCfg = Debug|Win32
		{A7310A88-6839-414C-8F5B-B89D6B07CFEC}.Debug|Win32.Build.0 = Debug|Win32
		{30EDDFEF-5DF3-C14F-9E38-2CFB448808F8}.Release|Win32.ActiveCfg = Release|Win32
		{30EDDFEF-5DF3-C14F-9E38-2CFB448808F8}.Release|Win32.Build.0 = Release|Win32
		{30EDDFEF-5DF3-C14F-9E38-2CFB448808F8}.Debug|Win32.ActiveCfg = Debug|Win32
		{30EDDFEF-5DF3-C14F-9E38-2CFB448808F8}.Debug|Win32.Build.0 = Debug|Win32
		{A292FE06-0A8B-D645-8340-F327C2A58DF5}.Release|Win32.ActiveCfg = Release|Win32
		{A292FE06-0A8B-D645-8340-F327C2A58DF5}.Release|Win32.Build.0 = Release|Win32
		{A292FE06-0A8B-D645-8340-F327C2A58DF5}.Debug|Win32.ActiveCfg = Debug|Win32
		{A292FE06-0A8B-D645-8340-F327C2A58DF5}.Debug|Win32.Build.0 = Debug|Win32
		{DD770C3E-FB37-0349-A8BC-8EAB65FCDC6A}.Release|Win32.ActiveCfg = Release|Win32
		{DD770C3E-FB37-0349-A8BC-8EAB65FCDC6A}.Release|Win32.Build.0 = Release|Win32
		{DD770C3E-FB37-0349-A8BC-8EAB65FCDC6A}.Debug|Win32.ActiveCfg = Debug|Win32
		{DD770C3E-FB37-0349-A8BC-8EAB65FCDC6A}.Debug|Win32.Build.0 = Debug|Win32
		{C2F2861C-44E2-6A4E-8F4E-567977F9A577}.Release|Win32.ActiveCfg = Release|Win32
		{C2F2861C-44E2-6A4E-8F4E-567977F9A577}.Release|Win32.Build.0 = Release|Win32
		{C2F2861C-44E2-6A4E-8F4E-567977F9A577}.Debug|Win32.ActiveCfg = Debug|Win32
		{C2F2861C-44E2-6A4E-8F4E-567977F9A577}.Debug|Win32.Build.0 = Debug|Win32
		{DC622B83-6B57-4447-A49A-E2129AAE03AE}.Release|Win32.ActiveCfg = Release|Win32
		{DC622B83-6B57-4447-A49A-E2129AAE03AE}.Release|Win32.Build.0 = Release|Win32
		{DC622B83-6B57-4447-A49A-E2129AAE03AE}.Debug|Win32.ActiveCfg = Debug|Win32
		{DC622B83-6B57-4447-A49A-E2129AAE03AE}.Debug|Win32.Build.0 = Debug|Win32
		{EE49EEFC-F1E4-0C44-A393-EACD157B8ED1}.Release|Win32.ActiveCfg = Release|Win32
		{EE49EEFC-F1E4-0C44-A393-EACD157B8ED1}.Release|Win32.Build.0 = Release|Win32
		{EE49EEFC-F1E4-0C44-A393-EACD157B8ED1}.Debug|Win32.ActiveCfg = Debug|Win32
		{EE49EEFC-F1E4-0C44-A393-EACD157B8ED1}.Debug|Win32.Build.0 = Debug|Win32
		{CDDE6B54-EEA3-F840-8BBA-A71180DB4DB0}.Release|Win32.ActiveCfg = Release|Win32
		{CDDE6B54-EEA3-F840-8BBA-A71180DB4DB0}.Release|Win32.Build.0 = Release|Win32
		{CDDE6B54-EEA3-F840-8BBA-A71180DB4DB0}.Debug|Win32.ActiveCfg = Debug|Win32
		{CDDE6B54-EEA3-F840-8BBA-A71180DB4DB0}.Debug|Win32.Build.0 = Debug|Win32
		{CA11DBD9-8853-1449-94E4-10E9A920F0E5}.Release|Win32.ActiveCfg = Release|Win32
		{CA11DBD9-8853-1449-94E4-10E9A920F0E5}.Release|Win32.Build.0 = Release|Win32
		{CA11DBD9-8853-1449-94E4-10E9A920F0E5}.Debug|Win32.ActiveCfg = Debug|Win32
		{CA11DBD9-8853-1449-94E4-10E9A920F0E5}.Debug|Win32.Build.0 = Debug|Win32
		{67AA365F-8078-AA40-82F3-86AE6F849D15}.Release|Win32.ActiveCfg = Release|Win32
		{67AA365F-8078-AA40-82F3-86AE6F849D15}.Release|Win32.Build.0 = Release|Win32
		{67AA365F-8078-AA40-82F3-86AE6F849D15}.Debug|Win32.ActiveCfg = Debug|Win32
		{67AA365F-8078-AA40-82F3-86AE6F849D15}.Debug|Win32.Build.0 = Debug|Win32
		{0F33B089-D7E4-6949-AFBE-F0D1BC902B13}.Release|Win32.ActiveCfg = Release|Win32
		{0F33B089-D7E4-6949-AFBE-F0D1BC902B13}.Release|Win32.Build.0 = Release|Win32
		{0F33B089-D7E4-6949-AFBE-F0D1BC902B13}.Debug|Win32.ActiveCfg = Debug|Win32
		{0F33B089-D7E4-6949-AFBE-F0D1BC902B13}.Debug|Win32.Build.0 = Debug|Win32
		{E5725C35-5F1A-AC47-9D38-FCE89A7981FB}.Release|Win32.ActiveCfg = Release|Win32
		{E5725C35-5F1A-AC47-9D38-FCE89A7981FB}.Release|Win32.Build.0 = Release|Win32
		{E5725C35-5F1A-AC47-9D38-FCE89A7981FB}.Debug|Win32.ActiveCfg = Debug|Win32
		{E5725C35-5F1A-AC47-9D38-FCE89A7981FB}.Debug|Win32.Build.0 = Debug|Win32
	EndGlobalSection
	GlobalSection(SolutionProperties) = preSolution
		HideSolutionNode = FALSE
	EndGlobalSection
EndGlobal
